
Microsoft Visual Studio Solution File, Format Version 12.00
# Visual Studio Version 17
VisualStudioVersion = 17.0.32112.339
MinimumVisualStudioVersion = 10.0.40219.1
Project("{FAE04EC0-301F-11D3-BF4B-00C04F79EFBC}") = "SoccerApp", "SoccerApp\SoccerApp.csproj", "{B5898267-8602-4735-83D6-2EEC295C3B79}"
EndProject
Global
	GlobalSection(SolutionConfigurationPlatforms) = preSolution
		Debug|Any CPU = Debug|Any CPU
		Release|Any CPU = Release|Any CPU
	EndGlobalSection
	GlobalSection(ProjectConfigurationPlatforms) = postSolution
		{B5898267-8602-4735-83D6-2EEC295C3B79}.Debug|Any CPU.ActiveCfg = Debug|Any CPU
		{B5898267-8602-4735-83D6-2EEC295C3B79}.Debug|Any CPU.Build.0 = Debug|Any CPU
		{B5898267-8602-4735-83D6-2EEC295C3B79}.Debug|Any CPU.Deploy.0 = Debug|Any CPU
		{B5898267-8602-4735-83D6-2EEC295C3B79}.Release|Any CPU.ActiveCfg = Release|Any CPU
		{B5898267-8602-4735-83D6-2EEC295C3B79}.Release|Any CPU.Build.0 = Release|Any CPU
		{B5898267-8602-4735-83D6-2EEC295C3B79}.Release|Any CPU.Deploy.0 = Release|Any CPU
	EndGlobalSection
	GlobalSection(SolutionProperties) = preSolution
		HideSolutionNode = FALSE
	EndGlobalSection
	GlobalSection(ExtensibilityGlobals) = postSolution
		SolutionGuid = {F6BF94B4-FE2F-42CF-B694-38AD2AC24ACC}
	EndGlobalSection
EndGlobal
